hash: bb10ed915da0ae37ecafe823694edad2040faa290536c639ec83204cafcbaabc
updated: 2020-05-14T18:33:20.542819+02:00
imports:
- name: github.com/go-sql-driver/mysql
  version: 17ef3dd9d98b69acec3e85878995ada9533a9370
- name: github.com/konsorten/go-windows-terminal-sequences
  version: edb144dfd453055e1e49a3d8b410a660b5a87613
- name: github.com/Sirupsen/logrus
  version: 60c74ad9be0d874af0ab0daef6ab07c5c5911f0d
- name: github.com/urfave/cli
  version: e6cf83ec39f6e1158ced1927d4ed14578fda8edb
- name: golang.org/x/sys
  version: 417ce2331b5c91eea36730d3e1739adb75193be2
  repo: git@github.com:golang/sys
  vcs: git
  subpackages:
  - internal/unsafeheader
  - unix
testImports: []
